
Microsoft Visual Studio Solution File, Format Version 12.00
# Visual Studio 14
VisualStudioVersion = 14.0.22823.1
MinimumVisualStudioVersion = 10.0.40219.1
Project("{FAE04EC0-301F-11D3-BF4B-00C04F79EFBC}") = "SlimBroker", "SlimBroker\SlimBroker.csproj", "{46DA9843-C75D-4BF6-8F49-C7CE94586740}"
EndProject
Project("{FAE04EC0-301F-11D3-BF4B-00C04F79EFBC}") = "SlimBroker.Tests", "SlimBroker.Tests\SlimBroker.Tests.csproj", "{008BA895-6660-47B7-B34B-6B3BFF248D29}"
EndProject
Project("{FAE04EC0-301F-11D3-BF4B-00C04F79EFBC}") = "SlimBroker.SignalR", "SlimBroker.SignalR\SlimBroker.SignalR.csproj", "{CFDB9DFE-D6AD-4BC6-AB5F-CA38BF24F5FD}"
EndProject
Project("{FAE04EC0-301F-11D3-BF4B-00C04F79EFBC}") = "SlimBroker.SignalR.Tests", "SlimBroker.SignalR.Tests\SlimBroker.SignalR.Tests.csproj", "{369D8198-69F4-4A0D-90D7-8061A51DA8F3}"
EndProject
Global
	GlobalSection(SolutionConfigurationPlatforms) = preSolution
		Debug|Any CPU = Debug|Any CPU
		Release|Any CPU = Release|Any CPU
	EndGlobalSection
	GlobalSection(ProjectConfigurationPlatforms) = postSolution
		{46DA9843-C75D-4BF6-8F49-C7CE94586740}.Debug|Any CPU.ActiveCfg = Debug|Any CPU
		{46DA9843-C75D-4BF6-8F49-C7CE94586740}.Debug|Any CPU.Build.0 = Debug|Any CPU
		{46DA9843-C75D-4BF6-8F49-C7CE94586740}.Release|Any CPU.ActiveCfg = Release|Any CPU
		{46DA9843-C75D-4BF6-8F49-C7CE94586740}.Release|Any CPU.Build.0 = Release|Any CPU
		{008BA895-6660-47B7-B34B-6B3BFF248D29}.Debug|Any CPU.ActiveCfg = Debug|Any CPU
		{008BA895-6660-47B7-B34B-6B3BFF248D29}.Debug|Any CPU.Build.0 = Debug|Any CPU
		{008BA895-6660-47B7-B34B-6B3BFF248D29}.Release|Any CPU.ActiveCfg = Release|Any CPU
		{008BA895-6660-47B7-B34B-6B3BFF248D29}.Release|Any CPU.Build.0 = Release|Any CPU
		{CFDB9DFE-D6AD-4BC6-AB5F-CA38BF24F5FD}.Debug|Any CPU.ActiveCfg = Debug|Any CPU
		{CFDB9DFE-D6AD-4BC6-AB5F-CA38BF24F5FD}.Debug|Any CPU.Build.0 = Debug|Any CPU
		{CFDB9DFE-D6AD-4BC6-AB5F-CA38BF24F5FD}.Release|Any CPU.ActiveCfg = Release|Any CPU
		{CFDB9DFE-D6AD-4BC6-AB5F-CA38BF24F5FD}.Release|Any CPU.Build.0 = Release|Any CPU
		{369D8198-69F4-4A0D-90D7-8061A51DA8F3}.Debug|Any CPU.ActiveCfg = Debug|Any CPU
		{369D8198-69F4-4A0D-90D7-8061A51DA8F3}.Debug|Any CPU.Build.0 = Debug|Any CPU
		{369D8198-69F4-4A0D-90D7-8061A51DA8F3}.Release|Any CPU.ActiveCfg = Release|Any CPU
		{369D8198-69F4-4A0D-90D7-8061A51DA8F3}.Release|Any CPU.Build.0 = Release|Any CPU
	EndGlobalSection
	GlobalSection(SolutionProperties) = preSolution
		HideSolutionNode = FALSE
	EndGlobalSection
EndGlobal
